
Microsoft Visual Studio Solution File, Format Version 12.00
# Visual Studio 2013
VisualStudioVersion = 12.0.31101.0
MinimumVisualStudioVersion = 10.0.40219.1
Project("{FAE04EC0-301F-11D3-BF4B-00C04F79EFBC}") = "PEulerFunctions", "PEuler\PEulerFunctions.csproj", "{7391DDA8-2943-4AAF-A461-E257747E26F7}"
EndProject
Project("{FAE04EC0-301F-11D3-BF4B-00C04F79EFBC}") = "PEulerFunctionsTest", "PEulerTest\PEulerFunctionsTest.csproj", "{CEAB8DC0-5278-4AAE-ABC3-170B26DC8976}"
EndProject
Project("{FAE04EC0-301F-11D3-BF4B-00C04F79EFBC}") = "EulerSolutionApp", "ConsoleApplication1\EulerSolutionApp.csproj", "{AF93DDC1-C4A7-46E6-89E6-4AA7B1E6673C}"
EndProject
Global
	GlobalSection(SolutionConfigurationPlatforms) = preSolution
		Debug|Any CPU = Debug|Any CPU
		Release|Any CPU = Release|Any CPU
	EndGlobalSection
	GlobalSection(ProjectConfigurationPlatforms) = postSolution
		{7391DDA8-2943-4AAF-A461-E257747E26F7}.Debug|Any CPU.ActiveCfg = Debug|Any CPU
		{7391DDA8-2943-4AAF-A461-E257747E26F7}.Debug|Any CPU.Build.0 = Debug|Any CPU
		{7391DDA8-2943-4AAF-A461-E257747E26F7}.Release|Any CPU.ActiveCfg = Release|Any CPU
		{7391DDA8-2943-4AAF-A461-E257747E26F7}.Release|Any CPU.Build.0 = Release|Any CPU
		{CEAB8DC0-5278-4AAE-ABC3-170B26DC8976}.Debug|Any CPU.ActiveCfg = Debug|Any CPU
		{CEAB8DC0-5278-4AAE-ABC3-170B26DC8976}.Debug|Any CPU.Build.0 = Debug|Any CPU
		{CEAB8DC0-5278-4AAE-ABC3-170B26DC8976}.Release|Any CPU.ActiveCfg = Release|Any CPU
		{CEAB8DC0-5278-4AAE-ABC3-170B26DC8976}.Release|Any CPU.Build.0 = Release|Any CPU
		{AF93DDC1-C4A7-46E6-89E6-4AA7B1E6673C}.Debug|Any CPU.ActiveCfg = Debug|Any CPU
		{AF93DDC1-C4A7-46E6-89E6-4AA7B1E6673C}.Debug|Any CPU.Build.0 = Debug|Any CPU
		{AF93DDC1-C4A7-46E6-89E6-4AA7B1E6673C}.Release|Any CPU.ActiveCfg = Release|Any CPU
		{AF93DDC1-C4A7-46E6-89E6-4AA7B1E6673C}.Release|Any CPU.Build.0 = Release|Any CPU
	EndGlobalSection
	GlobalSection(SolutionProperties) = preSolution
		HideSolutionNode = FALSE
	EndGlobalSection
EndGlobal
